
Microsoft Visual Studio Solution File, Format Version 12.00
# Visual Studio 15
VisualStudioVersion = 15.0.26228.98
MinimumVisualStudioVersion = 10.0.40219.1
Project("{FAE04EC0-301F-11D3-BF4B-00C04F79EFBC}") = "LaHerradura", "LaHerradura\LaHerradura.csproj", "{0ADE4219-04E9-4F58-A0CF-51245EB14427}"
EndProject
Project("{FAE04EC0-301F-11D3-BF4B-00C04F79EFBC}") = "DAL", "DAL\DAL.csproj", "{62A3D887-2C93-4DD3-AD36-75CE540CB387}"
EndProject
Project("{FAE04EC0-301F-11D3-BF4B-00C04F79EFBC}") = "BLL", "BLL\BLL.csproj", "{756F3596-AE8E-4967-A954-C5B127282887}"
EndProject
Project("{FAE04EC0-301F-11D3-BF4B-00C04F79EFBC}") = "PayPerTic", "PayPerTic\PayPerTic.csproj", "{7E9A761D-556E-43D7-AF34-CC3AF485700F}"
EndProject
Global
	GlobalSection(SolutionConfigurationPlatforms) = preSolution
		Debug|Any CPU = Debug|Any CPU
		Release|Any CPU = Release|Any CPU
	EndGlobalSection
	GlobalSection(ProjectConfigurationPlatforms) = postSolution
		{0ADE4219-04E9-4F58-A0CF-51245EB14427}.Debug|Any CPU.ActiveCfg = Debug|Any CPU
		{0ADE4219-04E9-4F58-A0CF-51245EB14427}.Debug|Any CPU.Build.0 = Debug|Any CPU
		{0ADE4219-04E9-4F58-A0CF-51245EB14427}.Release|Any CPU.ActiveCfg = Release|Any CPU
		{0ADE4219-04E9-4F58-A0CF-51245EB14427}.Release|Any CPU.Build.0 = Release|Any CPU
		{62A3D887-2C93-4DD3-AD36-75CE540CB387}.Debug|Any CPU.ActiveCfg = Debug|Any CPU
		{62A3D887-2C93-4DD3-AD36-75CE540CB387}.Debug|Any CPU.Build.0 = Debug|Any CPU
		{62A3D887-2C93-4DD3-AD36-75CE540CB387}.Release|Any CPU.ActiveCfg = Release|Any CPU
		{62A3D887-2C93-4DD3-AD36-75CE540CB387}.Release|Any CPU.Build.0 = Release|Any CPU
		{756F3596-AE8E-4967-A954-C5B127282887}.Debug|Any CPU.ActiveCfg = Debug|Any CPU
		{756F3596-AE8E-4967-A954-C5B127282887}.Debug|Any CPU.Build.0 = Debug|Any CPU
		{756F3596-AE8E-4967-A954-C5B127282887}.Release|Any CPU.ActiveCfg = Release|Any CPU
		{756F3596-AE8E-4967-A954-C5B127282887}.Release|Any CPU.Build.0 = Release|Any CPU
		{7E9A761D-556E-43D7-AF34-CC3AF485700F}.Debug|Any CPU.ActiveCfg = Debug|Any CPU
		{7E9A761D-556E-43D7-AF34-CC3AF485700F}.Debug|Any CPU.Build.0 = Debug|Any CPU
		{7E9A761D-556E-43D7-AF34-CC3AF485700F}.Release|Any CPU.ActiveCfg = Release|Any CPU
		{7E9A761D-556E-43D7-AF34-CC3AF485700F}.Release|Any CPU.Build.0 = Release|Any CPU
	EndGlobalSection
	GlobalSection(SolutionProperties) = preSolution
		HideSolutionNode = FALSE
	EndGlobalSection
	GlobalSection(ExtensibilityGlobals) = postSolution
		SolutionGuid = {B6609BAA-71D4-46C3-A399-3BEAF6D4EF50}
	EndGlobalSection
EndGlobal
